
Microsoft Visual Studio Solution File, Format Version 12.00
# Visual Studio Version 16
VisualStudioVersion = 16.0.31129.286
MinimumVisualStudioVersion = 10.0.40219.1
Project("{FAE04EC0-301F-11D3-BF4B-00C04F79EFBC}") = "1-PrimeiroProjeto", "1-PrimeiroProjeto\1-PrimeiroProjeto.csproj", "{43B94535-57B6-4242-A4EE-8817A2703EE9}"
EndProject
Project("{FAE04EC0-301F-11D3-BF4B-00C04F79EFBC}") = "2-CriandoVariaveis", "2-CriandoVariaveis\2-CriandoVariaveis.csproj", "{6D8E5144-E2A7-41BE-9058-D18B492935EB}"
EndProject
Project("{FAE04EC0-301F-11D3-BF4B-00C04F79EFBC}") = "3-CriandoVariaveisFlutuantes", "3-CriandoVariaveisFlutuantes\3-CriandoVariaveisFlutuantes.csproj", "{C4B3B81C-971C-4F94-B545-EAF694A875D5}"
EndProject
Project("{FAE04EC0-301F-11D3-BF4B-00C04F79EFBC}") = "4-ConversõesEOutrosTiposNuméricos", "4-ConversõesEOutrosTiposNuméricos\4-ConversõesEOutrosTiposNuméricos.csproj", "{2A4374BB-2448-472D-A2B1-55C5B1C695AD}"
EndProject
Project("{FAE04EC0-301F-11D3-BF4B-00C04F79EFBC}") = "5-CaracteresETextos", "5-CaracteresETextos\5-CaracteresETextos.csproj", "{6FDD379A-7692-477E-9FD5-5114C286B71C}"
EndProject
Project("{FAE04EC0-301F-11D3-BF4B-00C04F79EFBC}") = "AtribuicoesDeVariaveis", "AtribuicoesDeVariaveis\AtribuicoesDeVariaveis.csproj", "{5CB2777A-FFA3-48EC-B332-DB5FAFFAC6B4}"
EndProject
Project("{FAE04EC0-301F-11D3-BF4B-00C04F79EFBC}") = "7-Condicionais", "Condicionais\7-Condicionais.csproj", "{37EFFADE-52C6-4DE8-9625-8A88F9807E67}"
EndProject
Project("{FAE04EC0-301F-11D3-BF4B-00C04F79EFBC}") = "8-Condicionais2", "8-Condicionais2\8-Condicionais2.csproj", "{AED9B08A-B487-4A58-8660-C116878D51A8}"
EndProject
Project("{FAE04EC0-301F-11D3-BF4B-00C04F79EFBC}") = "9-Escopo", "9-Escopo\9-Escopo.csproj", "{7A514E10-A60C-47D6-876E-79DEFA8817C0}"
EndProject
Project("{FAE04EC0-301F-11D3-BF4B-00C04F79EFBC}") = "LacoDeRepeticaoFor", "LacoDeRepeticaoFor\LacoDeRepeticaoFor.csproj", "{F35A41FC-7AE4-4614-906B-BFC04C8A9348}"
EndProject
Global
	GlobalSection(SolutionConfigurationPlatforms) = preSolution
		Debug|Any CPU = Debug|Any CPU
		Release|Any CPU = Release|Any CPU
	EndGlobalSection
	GlobalSection(ProjectConfigurationPlatforms) = postSolution
		{43B94535-57B6-4242-A4EE-8817A2703EE9}.Debug|Any CPU.ActiveCfg = Debug|Any CPU
		{43B94535-57B6-4242-A4EE-8817A2703EE9}.Debug|Any CPU.Build.0 = Debug|Any CPU
		{43B94535-57B6-4242-A4EE-8817A2703EE9}.Release|Any CPU.ActiveCfg = Release|Any CPU
		{43B94535-57B6-4242-A4EE-8817A2703EE9}.Release|Any CPU.Build.0 = Release|Any CPU
		{6D8E5144-E2A7-41BE-9058-D18B492935EB}.Debug|Any CPU.ActiveCfg = Debug|Any CPU
		{6D8E5144-E2A7-41BE-9058-D18B492935EB}.Debug|Any CPU.Build.0 = Debug|Any CPU
		{6D8E5144-E2A7-41BE-9058-D18B492935EB}.Release|Any CPU.ActiveCfg = Release|Any CPU
		{6D8E5144-E2A7-41BE-9058-D18B492935EB}.Release|Any CPU.Build.0 = Release|Any CPU
		{C4B3B81C-971C-4F94-B545-EAF694A875D5}.Debug|Any CPU.ActiveCfg = Debug|Any CPU
		{C4B3B81C-971C-4F94-B545-EAF694A875D5}.Debug|Any CPU.Build.0 = Debug|Any CPU
		{C4B3B81C-971C-4F94-B545-EAF694A875D5}.Release|Any CPU.ActiveCfg = Release|Any CPU
		{C4B3B81C-971C-4F94-B545-EAF694A875D5}.Release|Any CPU.Build.0 = Release|Any CPU
		{2A4374BB-2448-472D-A2B1-55C5B1C695AD}.Debug|Any CPU.ActiveCfg = Debug|Any CPU
		{2A4374BB-2448-472D-A2B1-55C5B1C695AD}.Debug|Any CPU.Build.0 = Debug|Any CPU
		{2A4374BB-2448-472D-A2B1-55C5B1C695AD}.Release|Any CPU.ActiveCfg = Release|Any CPU
		{2A4374BB-2448-472D-A2B1-55C5B1C695AD}.Release|Any CPU.Build.0 = Release|Any CPU
		{6FDD379A-7692-477E-9FD5-5114C286B71C}.Debug|Any CPU.ActiveCfg = Debug|Any CPU
		{6FDD379A-7692-477E-9FD5-5114C286B71C}.Debug|Any CPU.Build.0 = Debug|Any CPU
		{6FDD379A-7692-477E-9FD5-5114C286B71C}.Release|Any CPU.ActiveCfg = Release|Any CPU
		{6FDD379A-7692-477E-9FD5-5114C286B71C}.Release|Any CPU.Build.0 = Release|Any CPU
		{5CB2777A-FFA3-48EC-B332-DB5FAFFAC6B4}.Debug|Any CPU.ActiveCfg = Debug|Any CPU
		{5CB2777A-FFA3-48EC-B332-DB5FAFFAC6B4}.Debug|Any CPU.Build.0 = Debug|Any CPU
		{5CB2777A-FFA3-48EC-B332-DB5FAFFAC6B4}.Release|Any CPU.ActiveCfg = Release|Any CPU
		{5CB2777A-FFA3-48EC-B332-DB5FAFFAC6B4}.Release|Any CPU.Build.0 = Release|Any CPU
		{37EFFADE-52C6-4DE8-9625-8A88F9807E67}.Debug|Any CPU.ActiveCfg = Debug|Any CPU
		{37EFFADE-52C6-4DE8-9625-8A88F9807E67}.Debug|Any CPU.Build.0 = Debug|Any CPU
		{37EFFADE-52C6-4DE8-9625-8A88F9807E67}.Release|Any CPU.ActiveCfg = Release|Any CPU
		{37EFFADE-52C6-4DE8-9625-8A88F9807E67}.Release|Any CPU.Build.0 = Release|Any CPU
		{AED9B08A-B487-4A58-8660-C116878D51A8}.Debug|Any CPU.ActiveCfg = Debug|Any CPU
		{AED9B08A-B487-4A58-8660-C116878D51A8}.Debug|Any CPU.Build.0 = Debug|Any CPU
		{AED9B08A-B487-4A58-8660-C116878D51A8}.Release|Any CPU.ActiveCfg = Release|Any CPU
		{AED9B08A-B487-4A58-8660-C116878D51A8}.Release|Any CPU.Build.0 = Release|Any CPU
		{7A514E10-A60C-47D6-876E-79DEFA8817C0}.Debug|Any CPU.ActiveCfg = Debug|Any CPU
		{7A514E10-A60C-47D6-876E-79DEFA8817C0}.Debug|Any CPU.Build.0 = Debug|Any CPU
		{7A514E10-A60C-47D6-876E-79DEFA8817C0}.Release|Any CPU.ActiveCfg = Release|Any CPU
		{7A514E10-A60C-47D6-876E-79DEFA8817C0}.Release|Any CPU.Build.0 = Release|Any CPU
		{F35A41FC-7AE4-4614-906B-BFC04C8A9348}.Debug|Any CPU.ActiveCfg = Debug|Any CPU
		{F35A41FC-7AE4-4614-906B-BFC04C8A9348}.Debug|Any CPU.Build.0 = Debug|Any CPU
		{F35A41FC-7AE4-4614-906B-BFC04C8A9348}.Release|Any CPU.ActiveCfg = Release|Any CPU
		{F35A41FC-7AE4-4614-906B-BFC04C8A9348}.Release|Any CPU.Build.0 = Release|Any CPU
	EndGlobalSection
	GlobalSection(SolutionProperties) = preSolution
		HideSolutionNode = FALSE
	EndGlobalSection
	GlobalSection(ExtensibilityGlobals) = postSolution
		SolutionGuid = {4460A33F-4BA4-4551-A169-F91006B75CD0}
	EndGlobalSection
EndGlobal
