
Microsoft Visual Studio Solution File, Format Version 12.00
# Visual Studio Version 16
VisualStudioVersion = 16.0.31129.286
MinimumVisualStudioVersion = 10.0.40219.1
Project("{FAE04EC0-301F-11D3-BF4B-00C04F79EFBC}") = "01-ByteBank", "01-ByteBank\01-ByteBank.csproj", "{8A68493D-CCFA-42FC-B69A-D7BB63E9BBCB}"
EndProject
Project("{FAE04EC0-301F-11D3-BF4B-00C04F79EFBC}") = "02-ByteBank", "02-ByteBank\02-ByteBank.csproj", "{0FD3855B-E3C9-469C-8A91-05E9408C2973}"
EndProject
Project("{FAE04EC0-301F-11D3-BF4B-00C04F79EFBC}") = "03-ByteBank", "03-ByteBank\03-ByteBank.csproj", "{C2DB8CE0-53C6-4E4F-A4AA-2BA55319D8A9}"
EndProject
Global
	GlobalSection(SolutionConfigurationPlatforms) = preSolution
		Debug|Any CPU = Debug|Any CPU
		Release|Any CPU = Release|Any CPU
	EndGlobalSection
	GlobalSection(ProjectConfigurationPlatforms) = postSolution
		{8A68493D-CCFA-42FC-B69A-D7BB63E9BBCB}.Debug|Any CPU.ActiveCfg = Debug|Any CPU
		{8A68493D-CCFA-42FC-B69A-D7BB63E9BBCB}.Debug|Any CPU.Build.0 = Debug|Any CPU
		{8A68493D-CCFA-42FC-B69A-D7BB63E9BBCB}.Release|Any CPU.ActiveCfg = Release|Any CPU
		{8A68493D-CCFA-42FC-B69A-D7BB63E9BBCB}.Release|Any CPU.Build.0 = Release|Any CPU
		{0FD3855B-E3C9-469C-8A91-05E9408C2973}.Debug|Any CPU.ActiveCfg = Debug|Any CPU
		{0FD3855B-E3C9-469C-8A91-05E9408C2973}.Debug|Any CPU.Build.0 = Debug|Any CPU
		{0FD3855B-E3C9-469C-8A91-05E9408C2973}.Release|Any CPU.ActiveCfg = Release|Any CPU
		{0FD3855B-E3C9-469C-8A91-05E9408C2973}.Release|Any CPU.Build.0 = Release|Any CPU
		{C2DB8CE0-53C6-4E4F-A4AA-2BA55319D8A9}.Debug|Any CPU.ActiveCfg = Debug|Any CPU
		{C2DB8CE0-53C6-4E4F-A4AA-2BA55319D8A9}.Debug|Any CPU.Build.0 = Debug|Any CPU
		{C2DB8CE0-53C6-4E4F-A4AA-2BA55319D8A9}.Release|Any CPU.ActiveCfg = Release|Any CPU
		{C2DB8CE0-53C6-4E4F-A4AA-2BA55319D8A9}.Release|Any CPU.Build.0 = Release|Any CPU
	EndGlobalSection
	GlobalSection(SolutionProperties) = preSolution
		HideSolutionNode = FALSE
	EndGlobalSection
	GlobalSection(ExtensibilityGlobals) = postSolution
		SolutionGuid = {CFE23E5E-3FC8-43D5-9D07-92C50C160450}
	EndGlobalSection
EndGlobal
